
Microsoft Visual Studio Solution File, Format Version 12.00
# Visual Studio Version 16
VisualStudioVersion = 16.0.32106.194
MinimumVisualStudioVersion = 10.0.40219.1
Project("{FAE04EC0-301F-11D3-BF4B-00C04F79EFBC}") = "TaskXamarin.Android", "TaskXamarin\TaskXamarin.Android\TaskXamarin.Android.csproj", "{821224FD-8331-4329-AB08-CA0393B58498}"
EndProject
Project("{FAE04EC0-301F-11D3-BF4B-00C04F79EFBC}") = "TaskXamarin.iOS", "TaskXamarin\TaskXamarin.iOS\TaskXamarin.iOS.csproj", "{AE00BD3A-7B80-4FB1-AA45-C0017766F90B}"
EndProject
Project("{FAE04EC0-301F-11D3-BF4B-00C04F79EFBC}") = "TaskXamarin", "TaskXamarin\TaskXamarin\TaskXamarin.csproj", "{1027B620-EEFE-4349-A69F-F3E73339B657}"
EndProject
Global
	GlobalSection(SolutionConfigurationPlatforms) = preSolution
		Debug|Any CPU = Debug|Any CPU
		Debug|iPhone = Debug|iPhone
		Debug|iPhoneSimulator = Debug|iPhoneSimulator
		Release|Any CPU = Release|Any CPU
		Release|iPhone = Release|iPhone
		Release|iPhoneSimulator = Release|iPhoneSimulator
	EndGlobalSection
	GlobalSection(ProjectConfigurationPlatforms) = postSolution
		{821224FD-8331-4329-AB08-CA0393B58498}.Debug|Any CPU.ActiveCfg = Debug|Any CPU
		{821224FD-8331-4329-AB08-CA0393B58498}.Debug|Any CPU.Build.0 = Debug|Any CPU
		{821224FD-8331-4329-AB08-CA0393B58498}.Debug|Any CPU.Deploy.0 = Debug|Any CPU
		{821224FD-8331-4329-AB08-CA0393B58498}.Debug|iPhone.ActiveCfg = Debug|Any CPU
		{821224FD-8331-4329-AB08-CA0393B58498}.Debug|iPhone.Build.0 = Debug|Any CPU
		{821224FD-8331-4329-AB08-CA0393B58498}.Debug|iPhone.Deploy.0 = Debug|Any CPU
		{821224FD-8331-4329-AB08-CA0393B58498}.Debug|iPhoneSimulator.ActiveCfg = Debug|Any CPU
		{821224FD-8331-4329-AB08-CA0393B58498}.Debug|iPhoneSimulator.Build.0 = Debug|Any CPU
		{821224FD-8331-4329-AB08-CA0393B58498}.Debug|iPhoneSimulator.Deploy.0 = Debug|Any CPU
		{821224FD-8331-4329-AB08-CA0393B58498}.Release|Any CPU.ActiveCfg = Release|Any CPU
		{821224FD-8331-4329-AB08-CA0393B58498}.Release|Any CPU.Build.0 = Release|Any CPU
		{821224FD-8331-4329-AB08-CA0393B58498}.Release|Any CPU.Deploy.0 = Release|Any CPU
		{821224FD-8331-4329-AB08-CA0393B58498}.Release|iPhone.ActiveCfg = Release|Any CPU
		{821224FD-8331-4329-AB08-CA0393B58498}.Release|iPhone.Build.0 = Release|Any CPU
		{821224FD-8331-4329-AB08-CA0393B58498}.Release|iPhone.Deploy.0 = Release|Any CPU
		{821224FD-8331-4329-AB08-CA0393B58498}.Release|iPhoneSimulator.ActiveCfg = Release|Any CPU
		{821224FD-8331-4329-AB08-CA0393B58498}.Release|iPhoneSimulator.Build.0 = Release|Any CPU
		{821224FD-8331-4329-AB08-CA0393B58498}.Release|iPhoneSimulator.Deploy.0 = Release|Any CPU
		{AE00BD3A-7B80-4FB1-AA45-C0017766F90B}.Debug|Any CPU.ActiveCfg = Debug|iPhone
		{AE00BD3A-7B80-4FB1-AA45-C0017766F90B}.Debug|Any CPU.Build.0 = Debug|iPhone
		{AE00BD3A-7B80-4FB1-AA45-C0017766F90B}.Debug|Any CPU.Deploy.0 = Debug|iPhone
		{AE00BD3A-7B80-4FB1-AA45-C0017766F90B}.Debug|iPhone.ActiveCfg = Debug|iPhone
		{AE00BD3A-7B80-4FB1-AA45-C0017766F90B}.Debug|iPhone.Build.0 = Debug|iPhone
		{AE00BD3A-7B80-4FB1-AA45-C0017766F90B}.Debug|iPhone.Deploy.0 = Debug|iPhone
		{AE00BD3A-7B80-4FB1-AA45-C0017766F90B}.Debug|iPhoneSimulator.ActiveCfg = Debug|iPhoneSimulator
		{AE00BD3A-7B80-4FB1-AA45-C0017766F90B}.Debug|iPhoneSimulator.Build.0 = Debug|iPhoneSimulator
		{AE00BD3A-7B80-4FB1-AA45-C0017766F90B}.Debug|iPhoneSimulator.Deploy.0 = Debug|iPhoneSimulator
		{AE00BD3A-7B80-4FB1-AA45-C0017766F90B}.Release|Any CPU.ActiveCfg = Release|iPhoneSimulator
		{AE00BD3A-7B80-4FB1-AA45-C0017766F90B}.Release|Any CPU.Build.0 = Release|iPhoneSimulator
		{AE00BD3A-7B80-4FB1-AA45-C0017766F90B}.Release|Any CPU.Deploy.0 = Release|iPhoneSimulator
		{AE00BD3A-7B80-4FB1-AA45-C0017766F90B}.Release|iPhone.ActiveCfg = Release|iPhone
		{AE00BD3A-7B80-4FB1-AA45-C0017766F90B}.Release|iPhone.Build.0 = Release|iPhone
		{AE00BD3A-7B80-4FB1-AA45-C0017766F90B}.Release|iPhone.Deploy.0 = Release|iPhone
		{AE00BD3A-7B80-4FB1-AA45-C0017766F90B}.Release|iPhoneSimulator.ActiveCfg = Release|iPhoneSimulator
		{AE00BD3A-7B80-4FB1-AA45-C0017766F90B}.Release|iPhoneSimulator.Build.0 = Release|iPhoneSimulator
		{AE00BD3A-7B80-4FB1-AA45-C0017766F90B}.Release|iPhoneSimulator.Deploy.0 = Release|iPhoneSimulator
		{1027B620-EEFE-4349-A69F-F3E73339B657}.Debug|Any CPU.ActiveCfg = Debug|Any CPU
		{1027B620-EEFE-4349-A69F-F3E73339B657}.Debug|Any CPU.Build.0 = Debug|Any CPU
		{1027B620-EEFE-4349-A69F-F3E73339B657}.Debug|Any CPU.Deploy.0 = Debug|Any CPU
		{1027B620-EEFE-4349-A69F-F3E73339B657}.Debug|iPhone.ActiveCfg = Debug|Any CPU
		{1027B620-EEFE-4349-A69F-F3E73339B657}.Debug|iPhone.Build.0 = Debug|Any CPU
		{1027B620-EEFE-4349-A69F-F3E73339B657}.Debug|iPhone.Deploy.0 = Debug|Any CPU
		{1027B620-EEFE-4349-A69F-F3E73339B657}.Debug|iPhoneSimulator.ActiveCfg = Debug|Any CPU
		{1027B620-EEFE-4349-A69F-F3E73339B657}.Debug|iPhoneSimulator.Build.0 = Debug|Any CPU
		{1027B620-EEFE-4349-A69F-F3E73339B657}.Debug|iPhoneSimulator.Deploy.0 = Debug|Any CPU
		{1027B620-EEFE-4349-A69F-F3E73339B657}.Release|Any CPU.ActiveCfg = Release|Any CPU
		{1027B620-EEFE-4349-A69F-F3E73339B657}.Release|Any CPU.Build.0 = Release|Any CPU
		{1027B620-EEFE-4349-A69F-F3E73339B657}.Release|Any CPU.Deploy.0 = Release|Any CPU
		{1027B620-EEFE-4349-A69F-F3E73339B657}.Release|iPhone.ActiveCfg = Release|Any CPU
		{1027B620-EEFE-4349-A69F-F3E73339B657}.Release|iPhone.Build.0 = Release|Any CPU
		{1027B620-EEFE-4349-A69F-F3E73339B657}.Release|iPhone.Deploy.0 = Release|Any CPU
		{1027B620-EEFE-4349-A69F-F3E73339B657}.Release|iPhoneSimulator.ActiveCfg = Release|Any CPU
		{1027B620-EEFE-4349-A69F-F3E73339B657}.Release|iPhoneSimulator.Build.0 = Release|Any CPU
		{1027B620-EEFE-4349-A69F-F3E73339B657}.Release|iPhoneSimulator.Deploy.0 = Release|Any CPU
	EndGlobalSection
	GlobalSection(SolutionProperties) = preSolution
		HideSolutionNode = FALSE
	EndGlobalSection
	GlobalSection(ExtensibilityGlobals) = postSolution
		SolutionGuid = {D7F99AC4-00BE-4DB6-95F2-3EA454F09154}
	EndGlobalSection
EndGlobal
